Microsoft Visual Studio Solution File, Format Version 12.00
# Visual Studio Version 16
VisualStudioVersion = 16.0.29215.179
MinimumVisualStudioVersion = 15.0.26124.0
Project("{FAE04EC0-301F-11D3-BF4B-00C04F79EFBC}") = "Backend", "Backend\Backend.csproj", "{D932A97C-A367-45F7-8C40-2929E77027A6}"
EndProject
Global
	GlobalSection(SolutionConfigurationPlatforms) = preSolution
		Debug|Any CPU = Debug|Any CPU
		Debug|x64 = Debug|x64
		Debug|x86 = Debug|x86
		Release|Any CPU = Release|Any CPU
		Release|x64 = Release|x64
		Release|x86 = Release|x86
	EndGlobalSection
	GlobalSection(ProjectConfigurationPlatforms) = postSolution
		{D932A97C-A367-45F7-8C40-2929E77027A6}.Debug|Any CPU.ActiveCfg = Debug|Any CPU
		{D932A97C-A367-45F7-8C40-2929E77027A6}.Debug|Any CPU.Build.0 = Debug|Any CPU
		{D932A97C-A367-45F7-8C40-2929E77027A6}.Debug|x64.ActiveCfg = Debug|Any CPU
		{D932A97C-A367-45F7-8C40-2929E77027A6}.Debug|x64.Build.0 = Debug|Any CPU
		{D932A97C-A367-45F7-8C40-2929E77027A6}.Debug|x86.ActiveCfg = Debug|Any CPU
		{D932A97C-A367-45F7-8C40-2929E77027A6}.Debug|x86.Build.0 = Debug|Any CPU
		{D932A97C-A367-45F7-8C40-2929E77027A6}.Release|Any CPU.ActiveCfg = Release|Any CPU
		{D932A97C-A367-45F7-8C40-2929E77027A6}.Release|Any CPU.Build.0 = Release|Any CPU
		{D932A97C-A367-45F7-8C40-2929E77027A6}.Release|x64.ActiveCfg = Release|Any CPU
		{D932A97C-A367-45F7-8C40-2929E77027A6}.Release|x64.Build.0 = Release|Any CPU
		{D932A97C-A367-45F7-8C40-2929E77027A6}.Release|x86.ActiveCfg = Release|Any CPU
		{D932A97C-A367-45F7-8C40-2929E77027A6}.Release|x86.Build.0 = Release|Any CPU
	EndGlobalSection
	GlobalSection(SolutionProperties) = preSolution
		HideSolutionNode = FALSE
	EndGlobalSection
	GlobalSection(ExtensibilityGlobals) = postSolution
		SolutionGuid = {4296DC7E-8A32-44F8-BD06-2455C74C44ED}
	EndGlobalSection
EndGlobal
